
Microsoft Visual Studio Solution File, Format Version 12.00
# Visual Studio Version 17
VisualStudioVersion = 17.13.35919.96 d17.13
MinimumVisualStudioVersion = 10.0.40219.1
Project("{FAE04EC0-301F-11D3-BF4B-00C04F79EFBC}") = "TISS_JetLag", "TISS_JetLag\TISS_JetLag.csproj", "{D41C66FD-7977-41B9-897F-0F6FFF10DD4B}"
EndProject
Global
	GlobalSection(SolutionConfigurationPlatforms) = preSolution
		Debug|Any CPU = Debug|Any CPU
		Release|Any CPU = Release|Any CPU
	EndGlobalSection
	GlobalSection(ProjectConfigurationPlatforms) = postSolution
		{D41C66FD-7977-41B9-897F-0F6FFF10DD4B}.Debug|Any CPU.ActiveCfg = Debug|Any CPU
		{D41C66FD-7977-41B9-897F-0F6FFF10DD4B}.Debug|Any CPU.Build.0 = Debug|Any CPU
		{D41C66FD-7977-41B9-897F-0F6FFF10DD4B}.Release|Any CPU.ActiveCfg = Release|Any CPU
		{D41C66FD-7977-41B9-897F-0F6FFF10DD4B}.Release|Any CPU.Build.0 = Release|Any CPU
	EndGlobalSection
	GlobalSection(SolutionProperties) = preSolution
		HideSolutionNode = FALSE
	EndGlobalSection
	GlobalSection(ExtensibilityGlobals) = postSolution
		SolutionGuid = {5DDC2985-9924-4042-92A9-51B098C2B61C}
	EndGlobalSection
EndGlobal
